github.com/itchyny/gojq v0.12.10 h1:6TcS0VYWS6wgntpF/4tnrzwdCMjiTxRAxIqZWfDsDQU=
github.com/itchyny/gojq v0.12.10/go.mod h1:o3FT8Gkbg/geT4pLI0tF3hvip5F3Y/uskjRz9OYa38g=
github.com/itchyny/timefmt-go v0.1.5 h1:G0INE2la8S6ru/ZI5JecgyzbbJNs5lG1RcBqa7Jm6GE=
github.com/itchyny/timefmt-go v0.1.5/go.mod h1:nEP7L+2YmAbT2kZ2HfSs1d8Xtw9LY8D2stDBckWakZ8=
